
Microsoft Visual Studio Solution File, Format Version 12.00
# Visual Studio Version 17
VisualStudioVersion = 17.3.32929.385
MinimumVisualStudioVersion = 10.0.40219.1
Project("{9A19103F-16F7-4668-BE54-9A1E7A4F7556}") = "Data", "Data\Data.csproj", "{A03669FC-304C-4B46-A45F-E2028670F4C5}"
EndProject
Project("{9A19103F-16F7-4668-BE54-9A1E7A4F7556}") = "Services", "Services\Services.csproj", "{2ADC29AE-7C6F-4840-AD0C-F4BBC9CC84BD}"
EndProject
Project("{9A19103F-16F7-4668-BE54-9A1E7A4F7556}") = "API", "API\API.csproj", "{EBAB0ED1-AB63-4E69-9EA6-00A0D89810D9}"
EndProject
Project("{9A19103F-16F7-4668-BE54-9A1E7A4F7556}") = "Utils", "Utils\Utils.csproj", "{20EC958B-BBE6-4DB4-B2F2-D31D80056325}"
EndProject
Project("{FAE04EC0-301F-11D3-BF4B-00C04F79EFBC}") = "Migrate", "Migrate\Migrate.csproj", "{66695310-9A43-47EE-A1B9-BD68508CE74D}"
EndProject
Global
	GlobalSection(SolutionConfigurationPlatforms) = preSolution
		Debug|Any CPU = Debug|Any CPU
		Release|Any CPU = Release|Any CPU
	EndGlobalSection
	GlobalSection(ProjectConfigurationPlatforms) = postSolution
		{A03669FC-304C-4B46-A45F-E2028670F4C5}.Debug|Any CPU.ActiveCfg = Debug|Any CPU
		{A03669FC-304C-4B46-A45F-E2028670F4C5}.Debug|Any CPU.Build.0 = Debug|Any CPU
		{A03669FC-304C-4B46-A45F-E2028670F4C5}.Release|Any CPU.ActiveCfg = Release|Any CPU
		{A03669FC-304C-4B46-A45F-E2028670F4C5}.Release|Any CPU.Build.0 = Release|Any CPU
		{2ADC29AE-7C6F-4840-AD0C-F4BBC9CC84BD}.Debug|Any CPU.ActiveCfg = Debug|Any CPU
		{2ADC29AE-7C6F-4840-AD0C-F4BBC9CC84BD}.Debug|Any CPU.Build.0 = Debug|Any CPU
		{2ADC29AE-7C6F-4840-AD0C-F4BBC9CC84BD}.Release|Any CPU.ActiveCfg = Release|Any CPU
		{2ADC29AE-7C6F-4840-AD0C-F4BBC9CC84BD}.Release|Any CPU.Build.0 = Release|Any CPU
		{EBAB0ED1-AB63-4E69-9EA6-00A0D89810D9}.Debug|Any CPU.ActiveCfg = Debug|Any CPU
		{EBAB0ED1-AB63-4E69-9EA6-00A0D89810D9}.Debug|Any CPU.Build.0 = Debug|Any CPU
		{EBAB0ED1-AB63-4E69-9EA6-00A0D89810D9}.Release|Any CPU.ActiveCfg = Release|Any CPU
		{EBAB0ED1-AB63-4E69-9EA6-00A0D89810D9}.Release|Any CPU.Build.0 = Release|Any CPU
		{20EC958B-BBE6-4DB4-B2F2-D31D80056325}.Debug|Any CPU.ActiveCfg = Debug|Any CPU
		{20EC958B-BBE6-4DB4-B2F2-D31D80056325}.Debug|Any CPU.Build.0 = Debug|Any CPU
		{20EC958B-BBE6-4DB4-B2F2-D31D80056325}.Release|Any CPU.ActiveCfg = Release|Any CPU
		{20EC958B-BBE6-4DB4-B2F2-D31D80056325}.Release|Any CPU.Build.0 = Release|Any CPU
		{66695310-9A43-47EE-A1B9-BD68508CE74D}.Debug|Any CPU.ActiveCfg = Debug|Any CPU
		{66695310-9A43-47EE-A1B9-BD68508CE74D}.Debug|Any CPU.Build.0 = Debug|Any CPU
		{66695310-9A43-47EE-A1B9-BD68508CE74D}.Release|Any CPU.ActiveCfg = Release|Any CPU
		{66695310-9A43-47EE-A1B9-BD68508CE74D}.Release|Any CPU.Build.0 = Release|Any CPU
	EndGlobalSection
	GlobalSection(SolutionProperties) = preSolution
		HideSolutionNode = FALSE
	EndGlobalSection
	GlobalSection(ExtensibilityGlobals) = postSolution
		SolutionGuid = {628E625A-17BF-4EEE-B3EF-B6FFC44093DB}
	EndGlobalSection
EndGlobal
